
Microsoft Visual Studio Solution File, Format Version 12.00
# Visual Studio Version 17
VisualStudioVersion = 17.5.33502.453
MinimumVisualStudioVersion = 10.0.40219.1
Project("{FAE04EC0-301F-11D3-BF4B-00C04F79EFBC}") = "PersonalMeetingsApp", "PersonalMeetingsApp\PersonalMeetingsApp.csproj", "{3D0AD566-1ABB-4163-9000-9078FF82BD84}"
EndProject
Global
	GlobalSection(SolutionConfigurationPlatforms) = preSolution
		Debug|Any CPU = Debug|Any CPU
		Release|Any CPU = Release|Any CPU
	EndGlobalSection
	GlobalSection(ProjectConfigurationPlatforms) = postSolution
		{3D0AD566-1ABB-4163-9000-9078FF82BD84}.Debug|Any CPU.ActiveCfg = Debug|Any CPU
		{3D0AD566-1ABB-4163-9000-9078FF82BD84}.Debug|Any CPU.Build.0 = Debug|Any CPU
		{3D0AD566-1ABB-4163-9000-9078FF82BD84}.Release|Any CPU.ActiveCfg = Release|Any CPU
		{3D0AD566-1ABB-4163-9000-9078FF82BD84}.Release|Any CPU.Build.0 = Release|Any CPU
	EndGlobalSection
	GlobalSection(SolutionProperties) = preSolution
		HideSolutionNode = FALSE
	EndGlobalSection
	GlobalSection(ExtensibilityGlobals) = postSolution
		SolutionGuid = {FA97E052-2113-4632-8E73-606B5188021D}
	EndGlobalSection
EndGlobal
